
Microsoft Visual Studio Solution File, Format Version 12.00
# Visual Studio 14
VisualStudioVersion = 14.0.25420.1
MinimumVisualStudioVersion = 10.0.40219.1
Project("{8BC9CEB8-8B4A-11D0-8D11-00A0C91BC942}") = "Stryker", "Stryker.vcxproj", "{8F6CAB0D-3F41-4A80-AA04-5FC53E25DE60}"
EndProject
Global
	GlobalSection(SolutionConfigurationPlatforms) = preSolution
		Debug|x64 = Debug|x64
		Release|x64 = Release|x64
	EndGlobalSection
	GlobalSection(ProjectConfigurationPlatforms) = postSolution
		{8F6CAB0D-3F41-4A80-AA04-5FC53E25DE60}.Debug|x64.ActiveCfg = Debug|x64
		{8F6CAB0D-3F41-4A80-AA04-5FC53E25DE60}.Debug|x64.Build.0 = Debug|x64
		{8F6CAB0D-3F41-4A80-AA04-5FC53E25DE60}.Release|x64.ActiveCfg = Release|x64
		{8F6CAB0D-3F41-4A80-AA04-5FC53E25DE60}.Release|x64.Build.0 = Release|x64
	EndGlobalSection
	GlobalSection(SolutionProperties) = preSolution
		HideSolutionNode = FALSE
	EndGlobalSection
EndGlobal
